
Microsoft Visual Studio Solution File, Format Version 12.00
# Visual Studio Version 17
VisualStudioVersion = 17.0.32014.148
MinimumVisualStudioVersion = 10.0.40219.1
Project("{FAE04EC0-301F-11D3-BF4B-00C04F79EFBC}") = "S4E1 - POO e EstruturaRepeticao", "S4E1 - POO e EstruturaRepeticao\S4E1 - POO e EstruturaRepeticao.csproj", "{727586B0-FF6B-43D5-8F8E-8AC68D742126}"
EndProject
Global
	GlobalSection(SolutionConfigurationPlatforms) = preSolution
		Debug|Any CPU = Debug|Any CPU
		Release|Any CPU = Release|Any CPU
	EndGlobalSection
	GlobalSection(ProjectConfigurationPlatforms) = postSolution
		{727586B0-FF6B-43D5-8F8E-8AC68D742126}.Debug|Any CPU.ActiveCfg = Debug|Any CPU
		{727586B0-FF6B-43D5-8F8E-8AC68D742126}.Debug|Any CPU.Build.0 = Debug|Any CPU
		{727586B0-FF6B-43D5-8F8E-8AC68D742126}.Release|Any CPU.ActiveCfg = Release|Any CPU
		{727586B0-FF6B-43D5-8F8E-8AC68D742126}.Release|Any CPU.Build.0 = Release|Any CPU
	EndGlobalSection
	GlobalSection(SolutionProperties) = preSolution
		HideSolutionNode = FALSE
	EndGlobalSection
	GlobalSection(ExtensibilityGlobals) = postSolution
		SolutionGuid = {A608000F-1BD4-42FC-9964-B319584857FF}
	EndGlobalSection
EndGlobal
